
Microsoft Visual Studio Solution File, Format Version 12.00
# Visual Studio Version 16
VisualStudioVersion = 25.0.1706.4
MinimumVisualStudioVersion = 10.0.40219.1
Project("{FAE04EC0-301F-11D3-BF4B-00C04F79EFBC}") = "Ref_and_Out", "Ref_and_Out\Ref_and_Out.csproj", "{C58A7CCD-EA7E-4706-B97A-986FD59716D6}"
EndProject
Global
	GlobalSection(SolutionConfigurationPlatforms) = preSolution
		Debug|Any CPU = Debug|Any CPU
		Release|Any CPU = Release|Any CPU
	EndGlobalSection
	GlobalSection(ProjectConfigurationPlatforms) = postSolution
		{C58A7CCD-EA7E-4706-B97A-986FD59716D6}.Debug|Any CPU.ActiveCfg = Debug|Any CPU
		{C58A7CCD-EA7E-4706-B97A-986FD59716D6}.Debug|Any CPU.Build.0 = Debug|Any CPU
		{C58A7CCD-EA7E-4706-B97A-986FD59716D6}.Release|Any CPU.ActiveCfg = Release|Any CPU
		{C58A7CCD-EA7E-4706-B97A-986FD59716D6}.Release|Any CPU.Build.0 = Release|Any CPU
	EndGlobalSection
	GlobalSection(SolutionProperties) = preSolution
		HideSolutionNode = FALSE
	EndGlobalSection
	GlobalSection(ExtensibilityGlobals) = postSolution
		SolutionGuid = {04C6FA77-C9A6-4787-B601-B739067874A9}
	EndGlobalSection
EndGlobal
